
Microsoft Visual Studio Solution File, Format Version 12.00
# Visual Studio Version 16
VisualStudioVersion = 16.0.30711.63
MinimumVisualStudioVersion = 10.0.40219.1
Project("{FAE04EC0-301F-11D3-BF4B-00C04F79EFBC}") = "exercice2SortAlgo", "exercice2SortAlgo\exercice2SortAlgo.csproj", "{0185E92D-04D3-49CD-B2F5-4B43FF2045AB}"
EndProject
Global
	GlobalSection(SolutionConfigurationPlatforms) = preSolution
		Debug|Any CPU = Debug|Any CPU
		Release|Any CPU = Release|Any CPU
	EndGlobalSection
	GlobalSection(ProjectConfigurationPlatforms) = postSolution
		{0185E92D-04D3-49CD-B2F5-4B43FF2045AB}.Debug|Any CPU.ActiveCfg = Debug|Any CPU
		{0185E92D-04D3-49CD-B2F5-4B43FF2045AB}.Debug|Any CPU.Build.0 = Debug|Any CPU
		{0185E92D-04D3-49CD-B2F5-4B43FF2045AB}.Release|Any CPU.ActiveCfg = Release|Any CPU
		{0185E92D-04D3-49CD-B2F5-4B43FF2045AB}.Release|Any CPU.Build.0 = Release|Any CPU
	EndGlobalSection
	GlobalSection(SolutionProperties) = preSolution
		HideSolutionNode = FALSE
	EndGlobalSection
	GlobalSection(ExtensibilityGlobals) = postSolution
		SolutionGuid = {066C868B-A6C5-4546-8E4C-EFEBF7DDAA31}
	EndGlobalSection
EndGlobal
